{
  "name": "stryker-eslint-plugin-meta-ignorer",
  "version": "1.0.0",
  "lockfileVersion": 3,
  "requires": true,
  "packages": {
    "": {
      "name": "stryker-eslint-plugin-meta-ignorer",
      "version": "1.0.0",
      "license": "MIT",
      "devDependencies": {
        "@eslint/js": "^9.4.0",
        "@stryker-mutator/api": "^8.2.6",
        "globals": "^15.3.0",
        "prettier": "3.3.0"
      }
    },
    "node_modules/@eslint/js": {
      "version": "9.4.0",
      "resolved": "https://registry.npmjs.org/@eslint/js/-/js-9.4.0.tgz",
      "integrity": "sha512-fdI7VJjP3Rvc70lC4xkFXHB0fiPeojiL1PxVG6t1ZvXQrarj893PweuBTujxDUFk0Fxj4R7PIIAZ/aiiyZPZcg==",
      "dev": true,
      "engines": {
        "node": "^18.18.0 || ^20.9.0 || >=21.1.0"
      }
    },
    "node_modules/@stryker-mutator/api": {
      "version": "8.2.6",
      "resolved": "https://registry.npmjs.org/@stryker-mutator/api/-/api-8.2.6.tgz",
      "integrity": "sha512-ygPT37teKh2Ei3sj+cs+kNpaFiz0JyelSDEz4GiQXu8DXy79D0oglSFAKsiVBdzO6MD2eRtyclovfdr/OdPVwA==",
      "dev": true,
      "dependencies": {
        "mutation-testing-metrics": "3.0.2",
        "mutation-testing-report-schema": "3.0.2",
        "tslib": "~2.6.2",
        "typed-inject": "~4.0.0"
      },
      "engines": {
        "node": ">=18.0.0"
      }
    },
    "node_modules/globals": {
      "version": "15.3.0",
      "resolved": "https://registry.npmjs.org/globals/-/globals-15.3.0.tgz",
      "integrity": "sha512-cCdyVjIUVTtX8ZsPkq1oCsOsLmGIswqnjZYMJJTGaNApj1yHtLSymKhwH51ttirREn75z3p4k051clwg7rvNKA==",
      "dev": true,
      "engines": {
        "node": ">=18"
      },
      "funding": {
        "url": "https://github.com/sponsors/sindresorhus"
      }
    },
    "node_modules/mutation-testing-metrics": {
      "version": "3.0.2",
      "resolved": "https://registry.npmjs.org/mutation-testing-metrics/-/mutation-testing-metrics-3.0.2.tgz",
      "integrity": "sha512-FpyCAz43Mmq/l7BIyBrZLv8z3kc5XHNei/DcAyEVSXyj2i+h4jLhen4SiW/BPMijCIMVyiOeMJPMIfaYxrFZGg==",
      "dev": true,
      "dependencies": {
        "mutation-testing-report-schema": "3.0.2"
      }
    },
    "node_modules/mutation-testing-report-schema": {
      "version": "3.0.2",
      "resolved": "https://registry.npmjs.org/mutation-testing-report-schema/-/mutation-testing-report-schema-3.0.2.tgz",
      "integrity": "sha512-1F6s37zFDsoWa262sANVBDKANMvmKPVU1FAVEpSCMtKAGkFoar+tjXUlPnD0dWJfPuKV58G86zP7sMlcu+QOJQ==",
      "dev": true
    },
    "node_modules/prettier": {
      "version": "3.3.0",
      "resolved": "https://registry.npmjs.org/prettier/-/prettier-3.3.0.tgz",
      "integrity": "sha512-J9odKxERhCQ10OC2yb93583f6UnYutOeiV5i0zEDS7UGTdUt0u+y8erxl3lBKvwo/JHyyoEdXjwp4dke9oyZ/g==",
      "dev": true,
      "bin": {
        "prettier": "bin/prettier.cjs"
      },
      "engines": {
        "node": ">=14"
      },
      "funding": {
        "url": "https://github.com/prettier/prettier?sponsor=1"
      }
    },
    "node_modules/tslib": {
      "version": "2.6.2",
      "resolved": "https://registry.npmjs.org/tslib/-/tslib-2.6.2.tgz",
      "integrity": "sha512-AEYxH93jGFPn/a2iVAwW87VuUIkR1FVUKB77NwMF7nBTDkDrrT/Hpt/IrCJ0QXhW27jTBDcf5ZY7w6RiqTMw2Q==",
      "dev": true
    },
    "node_modules/typed-inject": {
      "version": "4.0.0",
      "resolved": "https://registry.npmjs.org/typed-inject/-/typed-inject-4.0.0.tgz",
      "integrity": "sha512-OuBL3G8CJlS/kjbGV/cN8Ni32+ktyyi6ADDZpKvksbX0fYBV5WcukhRCYa7WqLce7dY/Br2dwtmJ9diiadLFpg==",
      "dev": true,
      "engines": {
        "node": ">=16"
      }
    }
  }
}
